// !$*UTF8*$!
{
	archiveVersion = 1;
	classes = {
	};
	objectVersion = 48;
	objects = {

/* Begin PBXBuildFile section */
		5948E5AA1B32037E003EC566 /* MCollectionViewCell.swift in Sources */ = {isa = PBXBuildFile; fileRef = 5948E5A91B32037E003EC566 /* MCollectionViewCell.swift */; };
		595A58861B2091FC007957A4 /* TabTitle.png in Resources */ = {isa = PBXBuildFile; fileRef = 595A58851B2091FC007957A4 /* TabTitle.png */; };
		595A59441B20A121007957A4 /* H83Back_256.png in Resources */ = {isa = PBXBuildFile; fileRef = 595A58E41B20A121007957A4 /* H83Back_256.png */; };
		595A59451B20A121007957A4 /* H83Front_37.png in Resources */ = {isa = PBXBuildFile; fileRef = 595A58E51B20A121007957A4 /* H83Front_37.png */; };
		595A59461B20A121007957A4 /* H83Front_256.png in Resources */ = {isa = PBXBuildFile; fileRef = 595A58E61B20A121007957A4 /* H83Front_256.png */; };
		595A5A041B20A14D007957A4 /* K69Back_256.png in Resources */ = {isa = PBXBuildFile; fileRef = 595A59A41B20A14D007957A4 /* K69Back_256.png */; };
		595A5A051B20A14D007957A4 /* K69Front_37.png in Resources */ = {isa = PBXBuildFile; fileRef = 595A59A51B20A14D007957A4 /* K69Front_37.png */; };
		595A5A061B20A14D007957A4 /* K69Front_256.png in Resources */ = {isa = PBXBuildFile; fileRef = 595A59A61B20A14D007957A4 /* K69Front_256.png */; };
		595A5A301B20B583007957A4 /* TabCategory.png in Resources */ = {isa = PBXBuildFile; fileRef = 595A5A2D1B20B583007957A4 /* TabCategory.png */; };
		595A5A311B20B583007957A4 /* TabGrid.png in Resources */ = {isa = PBXBuildFile; fileRef = 595A5A2E1B20B583007957A4 /* TabGrid.png */; };
		595A5A321B20B583007957A4 /* TabNumber.png in Resources */ = {isa = PBXBuildFile; fileRef = 595A5A2F1B20B583007957A4 /* TabNumber.png */; };
		59617B1A1B1D263A0013149B /* Artifacts.plist in Resources */ = {isa = PBXBuildFile; fileRef = 59617B191B1D263A0013149B /* Artifacts.plist */; };
		59617B1F1B1E10860013149B /* MTableViewCell.swift in Sources */ = {isa = PBXBuildFile; fileRef = 59617B1E1B1E10860013149B /* MTableViewCell.swift */; };
		597394F4205C247E00C87E03 /* MArtifactView.swift in Sources */ = {isa = PBXBuildFile; fileRef = 597394F3205C247E00C87E03 /* MArtifactView.swift */; };
		597394F8205C32BC00C87E03 /* MArtifactViewController.swift in Sources */ = {isa = PBXBuildFile; fileRef = 597394F7205C32BC00C87E03 /* MArtifactViewController.swift */; };
		59E455A11B1B4E3B0061458D /* AppDelegate.swift in Sources */ = {isa = PBXBuildFile; fileRef = 59E455A01B1B4E3B0061458D /* AppDelegate.swift */; };
		59E455A81B1B4E3B0061458D /* Main.storyboard in Resources */ = {isa = PBXBuildFile; fileRef = 59E455A61B1B4E3B0061458D /* Main.storyboard */; };
		59E455B91B1B4E3B0061458D /* ViewMasterSwiftTests.swift in Sources */ = {isa = PBXBuildFile; fileRef = 59E455B81B1B4E3B0061458D /* ViewMasterSwiftTests.swift */; };
		8F1A5971208904B400D06E0D /* HistoryViewController.swift in Sources */ = {isa = PBXBuildFile; fileRef = 8F1A5970208904B400D06E0D /* HistoryViewController.swift */; };
		8FC6A347207E636800DFB7A0 /* HomeViewController.swift in Sources */ = {isa = PBXBuildFile; fileRef = 8FC6A346207E636800DFB7A0 /* HomeViewController.swift */; };
		9A56AD43207F09E50014E95B /* MCabinetViewController.swift in Sources */ = {isa = PBXBuildFile; fileRef = 9A56AD42207F09E50014E95B /* MCabinetViewController.swift */; };
		9A56AD45207F0ADE0014E95B /* cabinetBackground.jpg in Resources */ = {isa = PBXBuildFile; fileRef = 9A56AD44207F0ADE0014E95B /* cabinetBackground.jpg */; };
		9A56AD49207F0D510014E95B /* MCabinetCollectionDataSourceProtocol.swift in Sources */ = {isa = PBXBuildFile; fileRef = 9A56AD48207F0D510014E95B /* MCabinetCollectionDataSourceProtocol.swift */; };
		9A56AD4B207F124D0014E95B /* MCabinetCollectionViewCell.swift in Sources */ = {isa = PBXBuildFile; fileRef = 9A56AD4A207F124D0014E95B /* MCabinetCollectionViewCell.swift */; };
		9A56AD4D207F19130014E95B /* MCabinetCollectionDataSource.swift in Sources */ = {isa = PBXBuildFile; fileRef = 9A56AD4C207F19130014E95B /* MCabinetCollectionDataSource.swift */; };
		9A56AD4F207F24240014E95B /* BonePathologies.png in Resources */ = {isa = PBXBuildFile; fileRef = 9A56AD4E207F24240014E95B /* BonePathologies.png */; };
		9A56AD51207F24410014E95B /* DetailHumanAnatomy.png in Resources */ = {isa = PBXBuildFile; fileRef = 9A56AD50207F24400014E95B /* DetailHumanAnatomy.png */; };
		9A56AD53207F245E0014E95B /* EarlyCompass.png in Resources */ = {isa = PBXBuildFile; fileRef = 9A56AD52207F245D0014E95B /* EarlyCompass.png */; };
		9A56AD57207F247C0014E95B /* TwoSmallHumanFigures.png in Resources */ = {isa = PBXBuildFile; fileRef = 9A56AD54207F247B0014E95B /* TwoSmallHumanFigures.png */; };
		9A56AD58207F247C0014E95B /* PlanetaryPaths.png in Resources */ = {isa = PBXBuildFile; fileRef = 9A56AD55207F247B0014E95B /* PlanetaryPaths.png */; };
		9A56AD59207F247C0014E95B /* InductionMachine.png in Resources */ = {isa = PBXBuildFile; fileRef = 9A56AD56207F247B0014E95B /* InductionMachine.png */; };
		9A5AB62420850DE200C65468 /* MCategorySelectViewController.swift in Sources */ = {isa = PBXBuildFile; fileRef = 9A5AB62320850DE200C65468 /* MCategorySelectViewController.swift */; };
		9A5B369D2087A0EC00D964DC /* shelf.png in Resources */ = {isa = PBXBuildFile; fileRef = 9A5B369C2087A0EC00D964DC /* shelf.png */; };
		9A5B36A12087C63500D964DC /* woodBackground.png in Resources */ = {isa = PBXBuildFile; fileRef = 9A5B36A02087C63500D964DC /* woodBackground.png */; };
		9A83A8D620816BC100E24B4D /* MCabinetPageViewController.swift in Sources */ = {isa = PBXBuildFile; fileRef = 9A83A8D520816BC100E24B4D /* MCabinetPageViewController.swift */; };
		9A9A18582077F2B600A0D8A5 /* MTileView.swift in Sources */ = {isa = PBXBuildFile; fileRef = 9A9A18572077F2B600A0D8A5 /* MTileView.swift */; };
		9A9A185B207807BF00A0D8A5 /* MTabBarController.swift in Sources */ = {isa = PBXBuildFile; fileRef = 9A9A185A207807BF00A0D8A5 /* MTabBarController.swift */; };
		9ACBB5D0206EF649001E31AB /* MTableViewController.swift in Sources */ = {isa = PBXBuildFile; fileRef = 9ACBB5CF206EF649001E31AB /* MTableViewController.swift */; };
		9ACBB5D2206EF769001E31AB /* MTableViewDataSourceProtocol.swift in Sources */ = {isa = PBXBuildFile; fileRef = 9ACBB5D1206EF769001E31AB /* MTableViewDataSourceProtocol.swift */; };
		9ACBB5D4206EFD7F001E31AB /* Images.xcassets in Resources */ = {isa = PBXBuildFile; fileRef = 9ACBB5D3206EFD7F001E31AB /* Images.xcassets */; };
		9ACBB5D6206EFF05001E31AB /* MTagDataSource.swift in Sources */ = {isa = PBXBuildFile; fileRef = 9ACBB5D5206EFF05001E31AB /* MTagDataSource.swift */; };
		9ACBB5D8206EFF3B001E31AB /* MNumberDataSource.swift in Sources */ = {isa = PBXBuildFile; fileRef = 9ACBB5D7206EFF3B001E31AB /* MNumberDataSource.swift */; };
		9ACBB5DA206EFF6A001E31AB /* MCollectionDataSource.swift in Sources */ = {isa = PBXBuildFile; fileRef = 9ACBB5D9206EFF6A001E31AB /* MCollectionDataSource.swift */; };
		9ACBB5DC206EFFD7001E31AB /* MCollectionDataSourceProtocol.swift in Sources */ = {isa = PBXBuildFile; fileRef = 9ACBB5DB206EFFD7001E31AB /* MCollectionDataSourceProtocol.swift */; };
		9ACBB5DE206F001B001E31AB /* MTitleDataSource.swift in Sources */ = {isa = PBXBuildFile; fileRef = 9ACBB5DD206F001B001E31AB /* MTitleDataSource.swift */; };
		9ACBB5E0206F012E001E31AB /* MCollectionViewController.swift in Sources */ = {isa = PBXBuildFile; fileRef = 9ACBB5DF206F012E001E31AB /* MCollectionViewController.swift */; };
		B6361FE42075A3CA0051C631 /* MArtifactArchive.swift in Sources */ = {isa = PBXBuildFile; fileRef = B6361FE32075A3CA0051C631 /* MArtifactArchive.swift */; };
		B6A797FA2073D302003AA7B9 /* MArtifact.swift in Sources */ = {isa = PBXBuildFile; fileRef = B6A797F92073D302003AA7B9 /* MArtifact.swift */; };
		B6A797FC2073D41D003AA7B9 /* MTag.swift in Sources */ = {isa = PBXBuildFile; fileRef = B6A797FB2073D41D003AA7B9 /* MTag.swift */; };
/* End PBXBuildFile section */

/* Begin PBXContainerItemProxy section */
		59E455B31B1B4E3B0061458D /* PBXContainerItemProxy */ = {
			isa = PBXContainerItemProxy;
			containerPortal = 59E455931B1B4E3B0061458D /* Project object */;
			proxyType = 1;
			remoteGlobalIDString = 59E4559A1B1B4E3B0061458D;
			remoteInfo = ViewMasterSwift;
		};
/* End PBXContainerItemProxy section */

/* Begin PBXFileReference section */
		5948E5A91B32037E003EC566 /* MCollectionViewCell.swift */ = {isa = PBXFileReference; fileEncoding = 4; lastKnownFileType = sourcecode.swift; path = MCollectionViewCell.swift; sourceTree = "<group>"; };
		595A58851B2091FC007957A4 /* TabTitle.png */ = {isa = PBXFileReference; lastKnownFileType = image.png; path = TabTitle.png; sourceTree = "<group>"; };
		595A58E41B20A121007957A4 /* H83Back_256.png */ = {isa = PBXFileReference; lastKnownFileType = image.png; path = H83Back_256.png; sourceTree = "<group>"; };
		595A58E51B20A121007957A4 /* H83Front_37.png */ = {isa = PBXFileReference; lastKnownFileType = image.png; path = H83Front_37.png; sourceTree = "<group>"; };
		595A58E61B20A121007957A4 /* H83Front_256.png */ = {isa = PBXFileReference; lastKnownFileType = image.png; path = H83Front_256.png; sourceTree = "<group>"; };
		595A59A41B20A14D007957A4 /* K69Back_256.png */ = {isa = PBXFileReference; lastKnownFileType = image.png; path = K69Back_256.png; sourceTree = "<group>"; };
		595A59A51B20A14D007957A4 /* K69Front_37.png */ = {isa = PBXFileReference; lastKnownFileType = image.png; path = K69Front_37.png; sourceTree = "<group>"; };
		595A59A61B20A14D007957A4 /* K69Front_256.png */ = {isa = PBXFileReference; lastKnownFileType = image.png; path = K69Front_256.png; sourceTree = "<group>"; };
		595A5A2D1B20B583007957A4 /* TabCategory.png */ = {isa = PBXFileReference; lastKnownFileType = image.png; path = TabCategory.png; sourceTree = "<group>"; };
		595A5A2E1B20B583007957A4 /* TabGrid.png */ = {isa = PBXFileReference; lastKnownFileType = image.png; path = TabGrid.png; sourceTree = "<group>"; };
		595A5A2F1B20B583007957A4 /* TabNumber.png */ = {isa = PBXFileReference; lastKnownFileType = image.png; path = TabNumber.png; sourceTree = "<group>"; };
		59617B191B1D263A0013149B /* Artifacts.plist */ = {isa = PBXFileReference; fileEncoding = 4; lastKnownFileType = text.plist.xml; path = Artifacts.plist; sourceTree = "<group>"; };
		59617B1E1B1E10860013149B /* MTableViewCell.swift */ = {isa = PBXFileReference; fileEncoding = 4; lastKnownFileType = sourcecode.swift; path = MTableViewCell.swift; sourceTree = "<group>"; };
		597394F3205C247E00C87E03 /* MArtifactView.swift */ = {isa = PBXFileReference; fileEncoding = 4; lastKnownFileType = sourcecode.swift; path = MArtifactView.swift; sourceTree = "<group>"; };
		597394F7205C32BC00C87E03 /* MArtifactViewController.swift */ = {isa = PBXFileReference; fileEncoding = 4; lastKnownFileType = sourcecode.swift; path = MArtifactViewController.swift; sourceTree = "<group>"; };
		59E4559B1B1B4E3B0061458D /* ViewMasterSwift.app */ = {isa = PBXFileReference; explicitFileType = wrapper.application; includeInIndex = 0; path = ViewMasterSwift.app; sourceTree = BUILT_PRODUCTS_DIR; };
		59E4559F1B1B4E3B0061458D /* Info.plist */ = {isa = PBXFileReference; lastKnownFileType = text.plist.xml; path = Info.plist; sourceTree = "<group>"; };
		59E455A01B1B4E3B0061458D /* AppDelegate.swift */ = {isa = PBXFileReference; lastKnownFileType = sourcecode.swift; path = AppDelegate.swift; sourceTree = "<group>"; };
		59E455A71B1B4E3B0061458D /* Base */ = {isa = PBXFileReference; lastKnownFileType = file.storyboard; name = Base; path = Base.lproj/Main.storyboard; sourceTree = "<group>"; };
		59E455B21B1B4E3B0061458D /* ViewMasterSwiftTests.xctest */ = {isa = PBXFileReference; explicitFileType = wrapper.cfbundle; includeInIndex = 0; path = ViewMasterSwiftTests.xctest; sourceTree = BUILT_PRODUCTS_DIR; };
		59E455B71B1B4E3B0061458D /* Info.plist */ = {isa = PBXFileReference; lastKnownFileType = text.plist.xml; path = Info.plist; sourceTree = "<group>"; };
		59E455B81B1B4E3B0061458D /* ViewMasterSwiftTests.swift */ = {isa = PBXFileReference; lastKnownFileType = sourcecode.swift; path = ViewMasterSwiftTests.swift; sourceTree = "<group>"; };
		8F1A5970208904B400D06E0D /* HistoryViewController.swift */ = {isa = PBXFileReference; lastKnownFileType = sourcecode.swift; path = HistoryViewController.swift; sourceTree = "<group>"; };
		8FC6A346207E636800DFB7A0 /* HomeViewController.swift */ = {isa = PBXFileReference; lastKnownFileType = sourcecode.swift; name = HomeViewController.swift; path = viewmasterswift/HomeViewController.swift; sourceTree = "<group>"; };
		9A56AD42207F09E50014E95B /* MCabinetViewController.swift */ = {isa = PBXFileReference; lastKnownFileType = sourcecode.swift; path = MCabinetViewController.swift; sourceTree = "<group>"; };
		9A56AD44207F0ADE0014E95B /* cabinetBackground.jpg */ = {isa = PBXFileReference; lastKnownFileType = image.jpeg; path = cabinetBackground.jpg; sourceTree = "<group>"; };
		9A56AD48207F0D510014E95B /* MCabinetCollectionDataSourceProtocol.swift */ = {isa = PBXFileReference; fileEncoding = 4; lastKnownFileType = sourcecode.swift; path = MCabinetCollectionDataSourceProtocol.swift; sourceTree = "<group>"; };
		9A56AD4A207F124D0014E95B /* MCabinetCollectionViewCell.swift */ = {isa = PBXFileReference; fileEncoding = 4; lastKnownFileType = sourcecode.swift; path = MCabinetCollectionViewCell.swift; sourceTree = "<group>"; };
		9A56AD4C207F19130014E95B /* MCabinetCollectionDataSource.swift */ = {isa = PBXFileReference; fileEncoding = 4; lastKnownFileType = sourcecode.swift; path = MCabinetCollectionDataSource.swift; sourceTree = "<group>"; };
		9A56AD4E207F24240014E95B /* BonePathologies.png */ = {isa = PBXFileReference; lastKnownFileType = image.png; path = BonePathologies.png; sourceTree = "<group>"; };
		9A56AD50207F24400014E95B /* DetailHumanAnatomy.png */ = {isa = PBXFileReference; lastKnownFileType = image.png; path = DetailHumanAnatomy.png; sourceTree = "<group>"; };
		9A56AD52207F245D0014E95B /* EarlyCompass.png */ = {isa = PBXFileReference; lastKnownFileType = image.png; path = EarlyCompass.png; sourceTree = "<group>"; };
		9A56AD54207F247B0014E95B /* TwoSmallHumanFigures.png */ = {isa = PBXFileReference; lastKnownFileType = image.png; path = TwoSmallHumanFigures.png; sourceTree = "<group>"; };
		9A56AD55207F247B0014E95B /* PlanetaryPaths.png */ = {isa = PBXFileReference; lastKnownFileType = image.png; path = PlanetaryPaths.png; sourceTree = "<group>"; };
		9A56AD56207F247B0014E95B /* InductionMachine.png */ = {isa = PBXFileReference; lastKnownFileType = image.png; path = InductionMachine.png; sourceTree = "<group>"; };
		9A5AB62320850DE200C65468 /* MCategorySelectViewController.swift */ = {isa = PBXFileReference; lastKnownFileType = sourcecode.swift; path = MCategorySelectViewController.swift; sourceTree = "<group>"; };
		9A5B369C2087A0EC00D964DC /* shelf.png */ = {isa = PBXFileReference; lastKnownFileType = image.png; path = shelf.png; sourceTree = "<group>"; };
		9A5B36A02087C63500D964DC /* woodBackground.png */ = {isa = PBXFileReference; lastKnownFileType = image.png; path = woodBackground.png; sourceTree = "<group>"; };
		9A83A8D520816BC100E24B4D /* MCabinetPageViewController.swift */ = {isa = PBXFileReference; lastKnownFileType = sourcecode.swift; path = MCabinetPageViewController.swift; sourceTree = "<group>"; };
		9A9A18572077F2B600A0D8A5 /* MTileView.swift */ = {isa = PBXFileReference; fileEncoding = 4; lastKnownFileType = sourcecode.swift; path = MTileView.swift; sourceTree = "<group>"; };
		9A9A18592077F65200A0D8A5 /* VMR-bridging-header.h */ = {isa = PBXFileReference; lastKnownFileType = sourcecode.c.h; path = "VMR-bridging-header.h"; sourceTree = "<group>"; };
		9A9A185A207807BF00A0D8A5 /* MTabBarController.swift */ = {isa = PBXFileReference; lastKnownFileType = sourcecode.swift; path = MTabBarController.swift; sourceTree = "<group>"; };
		9ACBB5CF206EF649001E31AB /* MTableViewController.swift */ = {isa = PBXFileReference; lastKnownFileType = sourcecode.swift; path = MTableViewController.swift; sourceTree = "<group>"; };
		9ACBB5D1206EF769001E31AB /* MTableViewDataSourceProtocol.swift */ = {isa = PBXFileReference; lastKnownFileType = sourcecode.swift; path = MTableViewDataSourceProtocol.swift; sourceTree = "<group>"; };
		9ACBB5D3206EFD7F001E31AB /* Images.xcassets */ = {isa = PBXFileReference; lastKnownFileType = folder.assetcatalog; name = Images.xcassets; path = viewmasterswift/Images.xcassets; sourceTree = "<group>"; };
		9ACBB5D5206EFF05001E31AB /* MTagDataSource.swift */ = {isa = PBXFileReference; fileEncoding = 4; lastKnownFileType = sourcecode.swift; path = MTagDataSource.swift; sourceTree = "<group>"; };
		9ACBB5D7206EFF3B001E31AB /* MNumberDataSource.swift */ = {isa = PBXFileReference; fileEncoding = 4; lastKnownFileType = sourcecode.swift; path = MNumberDataSource.swift; sourceTree = "<group>"; };
		9ACBB5D9206EFF6A001E31AB /* MCollectionDataSource.swift */ = {isa = PBXFileReference; fileEncoding = 4; lastKnownFileType = sourcecode.swift; path = MCollectionDataSource.swift; sourceTree = "<group>"; };
		9ACBB5DB206EFFD7001E31AB /* MCollectionDataSourceProtocol.swift */ = {isa = PBXFileReference; fileEncoding = 4; lastKnownFileType = sourcecode.swift; path = MCollectionDataSourceProtocol.swift; sourceTree = "<group>"; };
		9ACBB5DD206F001B001E31AB /* MTitleDataSource.swift */ = {isa = PBXFileReference; fileEncoding = 4; lastKnownFileType = sourcecode.swift; path = MTitleDataSource.swift; sourceTree = "<group>"; };
		9ACBB5DF206F012E001E31AB /* MCollectionViewController.swift */ = {isa = PBXFileReference; fileEncoding = 4; lastKnownFileType = sourcecode.swift; path = MCollectionViewController.swift; sourceTree = "<group>"; };
		B6361FE32075A3CA0051C631 /* MArtifactArchive.swift */ = {isa = PBXFileReference; lastKnownFileType = sourcecode.swift; path = MArtifactArchive.swift; sourceTree = "<group>"; };
		B6A797F92073D302003AA7B9 /* MArtifact.swift */ = {isa = PBXFileReference; lastKnownFileType = sourcecode.swift; path = MArtifact.swift; sourceTree = "<group>"; };
		B6A797FB2073D41D003AA7B9 /* MTag.swift */ = {isa = PBXFileReference; lastKnownFileType = sourcecode.swift; path = MTag.swift; sourceTree = "<group>"; };
/* End PBXFileReference section */

/* Begin PBXFrameworksBuildPhase section */
		59E455981B1B4E3B0061458D /* Frameworks */ = {
			isa = PBXFrameworksBuildPhase;
			buildActionMask = 2147483647;
			files = (
			);
			runOnlyForDeploymentPostprocessing = 0;
		};
		59E455AF1B1B4E3B0061458D /* Frameworks */ = {
			isa = PBXFrameworksBuildPhase;
			buildActionMask = 2147483647;
			files = (
			);
			runOnlyForDeploymentPostprocessing = 0;
		};
/* End PBXFrameworksBuildPhase section */

/* Begin PBXGroup section */
		595A5A351B20D3AB007957A4 /* Single Packet View */ = {
			isa = PBXGroup;
			children = (
				595A5A371B20D3D3007957A4 /* User Interface Elements */,
				595A5A361B20D3C0007957A4 /* View Controller */,
			);
			name = "Single Packet View";
			sourceTree = "<group>";
		};
		595A5A361B20D3C0007957A4 /* View Controller */ = {
			isa = PBXGroup;
			children = (
				597394F7205C32BC00C87E03 /* MArtifactViewController.swift */,
			);
			name = "View Controller";
			sourceTree = "<group>";
		};
		595A5A371B20D3D3007957A4 /* User Interface Elements */ = {
			isa = PBXGroup;
			children = (
				597394F3205C247E00C87E03 /* MArtifactView.swift */,
			);
			name = "User Interface Elements";
			sourceTree = "<group>";
		};
		59617B161B1CE9070013149B /* Data Model */ = {
			isa = PBXGroup;
			children = (
				B6A797F92073D302003AA7B9 /* MArtifact.swift */,
				B6A797FB2073D41D003AA7B9 /* MTag.swift */,
				B6361FE32075A3CA0051C631 /* MArtifactArchive.swift */,
			);
			name = "Data Model";
			sourceTree = "<group>";
		};
		59617B1D1B1E0CD10013149B /* User Interface Elements */ = {
			isa = PBXGroup;
			children = (
				9A9A18572077F2B600A0D8A5 /* MTileView.swift */,
				59617B1E1B1E10860013149B /* MTableViewCell.swift */,
				5948E5A91B32037E003EC566 /* MCollectionViewCell.swift */,
				9A56AD4A207F124D0014E95B /* MCabinetCollectionViewCell.swift */,
			);
			name = "User Interface Elements";
			sourceTree = "<group>";
		};
		59617B201B1E19560013149B /* Data Sources */ = {
			isa = PBXGroup;
			children = (
				9ACBB5D1206EF769001E31AB /* MTableViewDataSourceProtocol.swift */,
				9ACBB5DB206EFFD7001E31AB /* MCollectionDataSourceProtocol.swift */,
				9A56AD48207F0D510014E95B /* MCabinetCollectionDataSourceProtocol.swift */,
				9ACBB5DD206F001B001E31AB /* MTitleDataSource.swift */,
				9ACBB5D5206EFF05001E31AB /* MTagDataSource.swift */,
				9ACBB5D7206EFF3B001E31AB /* MNumberDataSource.swift */,
				9ACBB5D9206EFF6A001E31AB /* MCollectionDataSource.swift */,
				9A56AD4C207F19130014E95B /* MCabinetCollectionDataSource.swift */,
			);
			name = "Data Sources";
			sourceTree = "<group>";
		};
		59617B271B1E53130013149B /* View Controllers */ = {
			isa = PBXGroup;
			children = (
				9A9A185A207807BF00A0D8A5 /* MTabBarController.swift */,
				9ACBB5CF206EF649001E31AB /* MTableViewController.swift */,
				9ACBB5DF206F012E001E31AB /* MCollectionViewController.swift */,
				8FC6A346207E636800DFB7A0 /* HomeViewController.swift */,
				9A56AD42207F09E50014E95B /* MCabinetViewController.swift */,
				9A83A8D520816BC100E24B4D /* MCabinetPageViewController.swift */,
				9A5AB62320850DE200C65468 /* MCategorySelectViewController.swift */,
				8F1A5970208904B400D06E0D /* HistoryViewController.swift */,
			);
			name = "View Controllers";
			sourceTree = "<group>";
		};
		59617B2A1B1F42F60013149B /* Pictures */ = {
			isa = PBXGroup;
			children = (
				9A56AD4E207F24240014E95B /* BonePathologies.png */,
				9A56AD50207F24400014E95B /* DetailHumanAnatomy.png */,
				9A56AD52207F245D0014E95B /* EarlyCompass.png */,
				9A56AD56207F247B0014E95B /* InductionMachine.png */,
				9A56AD55207F247B0014E95B /* PlanetaryPaths.png */,
				9A56AD54207F247B0014E95B /* TwoSmallHumanFigures.png */,
				595A58E41B20A121007957A4 /* H83Back_256.png */,
				595A58E51B20A121007957A4 /* H83Front_37.png */,
				595A58E61B20A121007957A4 /* H83Front_256.png */,
				595A59A41B20A14D007957A4 /* K69Back_256.png */,
				595A59A51B20A14D007957A4 /* K69Front_37.png */,
				595A59A61B20A14D007957A4 /* K69Front_256.png */,
				595A5A2D1B20B583007957A4 /* TabCategory.png */,
				595A5A2E1B20B583007957A4 /* TabGrid.png */,
				595A5A2F1B20B583007957A4 /* TabNumber.png */,
				595A58851B2091FC007957A4 /* TabTitle.png */,
			);
			name = Pictures;
			sourceTree = "<group>";
		};
		59E455921B1B4E3B0061458D = {
			isa = PBXGroup;
			children = (
				9A5B369B2087A0C800D964DC /* Assets */,
				9A9A18592077F65200A0D8A5 /* VMR-bridging-header.h */,
				9ACBB5D3206EFD7F001E31AB /* Images.xcassets */,
				595A5A351B20D3AB007957A4 /* Single Packet View */,
				59617B2A1B1F42F60013149B /* Pictures */,
				59617B271B1E53130013149B /* View Controllers */,
				59617B201B1E19560013149B /* Data Sources */,
				59617B1D1B1E0CD10013149B /* User Interface Elements */,
				59617B161B1CE9070013149B /* Data Model */,
				59E4559D1B1B4E3B0061458D /* ViewMasterSwift */,
				59E455B51B1B4E3B0061458D /* ViewMasterSwiftTests */,
				59E4559C1B1B4E3B0061458D /* Products */,
			);
			sourceTree = "<group>";
		};
		59E4559C1B1B4E3B0061458D /* Products */ = {
			isa = PBXGroup;
			children = (
				59E4559B1B1B4E3B0061458D /* ViewMasterSwift.app */,
				59E455B21B1B4E3B0061458D /* ViewMasterSwiftTests.xctest */,
			);
			name = Products;
			sourceTree = "<group>";
		};
		59E4559D1B1B4E3B0061458D /* ViewMasterSwift */ = {
			isa = PBXGroup;
			children = (
				59E455A01B1B4E3B0061458D /* AppDelegate.swift */,
				59E4559E1B1B4E3B0061458D /* Supporting Files */,
			);
			path = ViewMasterSwift;
			sourceTree = "<group>";
		};
		59E4559E1B1B4E3B0061458D /* Supporting Files */ = {
			isa = PBXGroup;
			children = (
				59617B191B1D263A0013149B /* Artifacts.plist */,
				59E4559F1B1B4E3B0061458D /* Info.plist */,
				59E455A61B1B4E3B0061458D /* Main.storyboard */,
			);
			name = "Supporting Files";
			sourceTree = "<group>";
		};
		59E455B51B1B4E3B0061458D /* ViewMasterSwiftTests */ = {
			isa = PBXGroup;
			children = (
				59E455B81B1B4E3B0061458D /* ViewMasterSwiftTests.swift */,
				59E455B61B1B4E3B0061458D /* Supporting Files */,
			);
			path = ViewMasterSwiftTests;
			sourceTree = "<group>";
		};
		59E455B61B1B4E3B0061458D /* Supporting Files */ = {
			isa = PBXGroup;
			children = (
				59E455B71B1B4E3B0061458D /* Info.plist */,
			);
			name = "Supporting Files";
			sourceTree = "<group>";
		};
		9A5B369B2087A0C800D964DC /* Assets */ = {
			isa = PBXGroup;
			children = (
				9A56AD44207F0ADE0014E95B /* cabinetBackground.jpg */,
				9A5B36A02087C63500D964DC /* woodBackground.png */,
				9A5B369C2087A0EC00D964DC /* shelf.png */,
			);
			path = Assets;
			sourceTree = "<group>";
		};
/* End PBXGroup section */

/* Begin PBXNativeTarget section */
		59E4559A1B1B4E3B0061458D /* ViewMasterSwift */ = {
			isa = PBXNativeTarget;
			buildConfigurationList = 59E455BC1B1B4E3B0061458D /* Build configuration list for PBXNativeTarget "ViewMasterSwift" */;
			buildPhases = (
				59E455971B1B4E3B0061458D /* Sources */,
				59E455981B1B4E3B0061458D /* Frameworks */,
				59E455991B1B4E3B0061458D /* Resources */,
			);
			buildRules = (
			);
			dependencies = (
			);
			name = ViewMasterSwift;
			productName = ViewMasterSwift;
			productReference = 59E4559B1B1B4E3B0061458D /* ViewMasterSwift.app */;
			productType = "com.apple.product-type.application";
		};
		59E455B11B1B4E3B0061458D /* ViewMasterSwiftTests */ = {
			isa = PBXNativeTarget;
			buildConfigurationList = 59E455BF1B1B4E3B0061458D /* Build configuration list for PBXNativeTarget "ViewMasterSwiftTests" */;
			buildPhases = (
				59E455AE1B1B4E3B0061458D /* Sources */,
				59E455AF1B1B4E3B0061458D /* Frameworks */,
				59E455B01B1B4E3B0061458D /* Resources */,
			);
			buildRules = (
			);
			dependencies = (
				59E455B41B1B4E3B0061458D /* PBXTargetDependency */,
			);
			name = ViewMasterSwiftTests;
			productName = ViewMasterSwiftTests;
			productReference = 59E455B21B1B4E3B0061458D /* ViewMasterSwiftTests.xctest */;
			productType = "com.apple.product-type.bundle.unit-test";
		};
/* End PBXNativeTarget section */

/* Begin PBXProject section */
		59E455931B1B4E3B0061458D /* Project object */ = {
			isa = PBXProject;
			attributes = {
				LastUpgradeCheck = 0920;
				ORGANIZATIONNAME = "Robert England";
				TargetAttributes = {
					59E4559A1B1B4E3B0061458D = {
						CreatedOnToolsVersion = 6.3.2;
					};
					59E455B11B1B4E3B0061458D = {
						CreatedOnToolsVersion = 6.3.2;
						TestTargetID = 59E4559A1B1B4E3B0061458D;
					};
				};
			};
			buildConfigurationList = 59E455961B1B4E3B0061458D /* Build configuration list for PBXProject "Moosnick" */;
			compatibilityVersion = "Xcode 8.0";
			developmentRegion = English;
			hasScannedForEncodings = 0;
			knownRegions = (
				en,
				Base,
			);
			mainGroup = 59E455921B1B4E3B0061458D;
			productRefGroup = 59E4559C1B1B4E3B0061458D /* Products */;
			projectDirPath = "";
			projectRoot = "";
			targets = (
				59E4559A1B1B4E3B0061458D /* ViewMasterSwift */,
				59E455B11B1B4E3B0061458D /* ViewMasterSwiftTests */,
			);
		};
/* End PBXProject section */

/* Begin PBXResourcesBuildPhase section */
		59E455991B1B4E3B0061458D /* Resources */ = {
			isa = PBXResourcesBuildPhase;
			buildActionMask = 2147483647;
			files = (
				9A5B36A12087C63500D964DC /* woodBackground.png in Resources */,
				9ACBB5D4206EFD7F001E31AB /* Images.xcassets in Resources */,
				595A59451B20A121007957A4 /* H83Front_37.png in Resources */,
				595A58861B2091FC007957A4 /* TabTitle.png in Resources */,
				9A56AD59207F247C0014E95B /* InductionMachine.png in Resources */,
				59E455A81B1B4E3B0061458D /* Main.storyboard in Resources */,
				595A59441B20A121007957A4 /* H83Back_256.png in Resources */,
				9A5B369D2087A0EC00D964DC /* shelf.png in Resources */,
				9A56AD45207F0ADE0014E95B /* cabinetBackground.jpg in Resources */,
				9A56AD58207F247C0014E95B /* PlanetaryPaths.png in Resources */,
				9A56AD4F207F24240014E95B /* BonePathologies.png in Resources */,
				59617B1A1B1D263A0013149B /* Artifacts.plist in Resources */,
				595A5A321B20B583007957A4 /* TabNumber.png in Resources */,
				595A59461B20A121007957A4 /* H83Front_256.png in Resources */,
				9A56AD57207F247C0014E95B /* TwoSmallHumanFigures.png in Resources */,
				595A5A051B20A14D007957A4 /* K69Front_37.png in Resources */,
				595A5A311B20B583007957A4 /* TabGrid.png in Resources */,
				595A5A061B20A14D007957A4 /* K69Front_256.png in Resources */,
				9A56AD51207F24410014E95B /* DetailHumanAnatomy.png in Resources */,
				9A56AD53207F245E0014E95B /* EarlyCompass.png in Resources */,
				595A5A041B20A14D007957A4 /* K69Back_256.png in Resources */,
				595A5A301B20B583007957A4 /* TabCategory.png in Resources */,
			);
			runOnlyForDeploymentPostprocessing = 0;
		};
		59E455B01B1B4E3B0061458D /* Resources */ = {
			isa = PBXResourcesBuildPhase;
			buildActionMask = 2147483647;
			files = (
			);
			runOnlyForDeploymentPostprocessing = 0;
		};
/* End PBXResourcesBuildPhase section */

/* Begin PBXSourcesBuildPhase section */
		59E455971B1B4E3B0061458D /* Sources */ = {
			isa = PBXSourcesBuildPhase;
			buildActionMask = 2147483647;
			files = (
				9ACBB5D2206EF769001E31AB /* MTableViewDataSourceProtocol.swift in Sources */,
				9A9A185B207807BF00A0D8A5 /* MTabBarController.swift in Sources */,
				9ACBB5D8206EFF3B001E31AB /* MNumberDataSource.swift in Sources */,
				B6A797FC2073D41D003AA7B9 /* MTag.swift in Sources */,
				59617B1F1B1E10860013149B /* MTableViewCell.swift in Sources */,
				5948E5AA1B32037E003EC566 /* MCollectionViewCell.swift in Sources */,
				8F1A5971208904B400D06E0D /* HistoryViewController.swift in Sources */,
				9A5AB62420850DE200C65468 /* MCategorySelectViewController.swift in Sources */,
				597394F8205C32BC00C87E03 /* MArtifactViewController.swift in Sources */,
				9A56AD4D207F19130014E95B /* MCabinetCollectionDataSource.swift in Sources */,
				9ACBB5DA206EFF6A001E31AB /* MCollectionDataSource.swift in Sources */,
				9A56AD4B207F124D0014E95B /* MCabinetCollectionViewCell.swift in Sources */,
				597394F4205C247E00C87E03 /* MArtifactView.swift in Sources */,
				B6361FE42075A3CA0051C631 /* MArtifactArchive.swift in Sources */,
				8FC6A347207E636800DFB7A0 /* HomeViewController.swift in Sources */,
				9ACBB5D0206EF649001E31AB /* MTableViewController.swift in Sources */,
				59E455A11B1B4E3B0061458D /* AppDelegate.swift in Sources */,
				9A83A8D620816BC100E24B4D /* MCabinetPageViewController.swift in Sources */,
				9A56AD43207F09E50014E95B /* MCabinetViewController.swift in Sources */,
				9ACBB5DE206F001B001E31AB /* MTitleDataSource.swift in Sources */,
				9A56AD49207F0D510014E95B /* MCabinetCollectionDataSourceProtocol.swift in Sources */,
				B6A797FA2073D302003AA7B9 /* MArtifact.swift in Sources */,
				9ACBB5D6206EFF05001E31AB /* MTagDataSource.swift in Sources */,
				9ACBB5DC206EFFD7001E31AB /* MCollectionDataSourceProtocol.swift in Sources */,
				9A9A18582077F2B600A0D8A5 /* MTileView.swift in Sources */,
				9ACBB5E0206F012E001E31AB /* MCollectionViewController.swift in Sources */,
			);
			runOnlyForDeploymentPostprocessing = 0;
		};
		59E455AE1B1B4E3B0061458D /* Sources */ = {
			isa = PBXSourcesBuildPhase;
			buildActionMask = 2147483647;
			files = (
				59E455B91B1B4E3B0061458D /* ViewMasterSwiftTests.swift in Sources */,
			);
			runOnlyForDeploymentPostprocessing = 0;
		};
/* End PBXSourcesBuildPhase section */

/* Begin PBXTargetDependency section */
		59E455B41B1B4E3B0061458D /* PBXTargetDependency */ = {
			isa = PBXTargetDependency;
			target = 59E4559A1B1B4E3B0061458D /* ViewMasterSwift */;
			targetProxy = 59E455B31B1B4E3B0061458D /* PBXContainerItemProxy */;
		};
/* End PBXTargetDependency section */

/* Begin PBXVariantGroup section */
		59E455A61B1B4E3B0061458D /* Main.storyboard */ = {
			isa = PBXVariantGroup;
			children = (
				59E455A71B1B4E3B0061458D /* Base */,
			);
			name = Main.storyboard;
			sourceTree = "<group>";
		};
/* End PBXVariantGroup section */

/* Begin XCBuildConfiguration section */
		59E455BA1B1B4E3B0061458D /* Debug */ = {
			isa = XCBuildConfiguration;
			buildSettings = {
				ALWAYS_SEARCH_USER_PATHS = NO;
				CLANG_CXX_LANGUAGE_STANDARD = "gnu++0x";
				CLANG_CXX_LIBRARY = "libc++";
				CLANG_ENABLE_MODULES = YES;
				CLANG_ENABLE_OBJC_ARC = YES;
				CLANG_WARN_BLOCK_CAPTURE_AUTORELEASING = YES;
				CLANG_WARN_BOOL_CONVERSION = YES;
				CLANG_WARN_COMMA = YES;
				CLANG_WARN_CONSTANT_CONVERSION = YES;
				CLANG_WARN_DIRECT_OBJC_ISA_USAGE = YES_ERROR;
				CLANG_WARN_EMPTY_BODY = YES;
				CLANG_WARN_ENUM_CONVERSION = YES;
				CLANG_WARN_INFINITE_RECURSION = YES;
				CLANG_WARN_INT_CONVERSION = YES;
				CLANG_WARN_NON_LITERAL_NULL_CONVERSION = YES;
				CLANG_WARN_OBJC_LITERAL_CONVERSION = YES;
				CLANG_WARN_OBJC_ROOT_CLASS = YES_ERROR;
				CLANG_WARN_RANGE_LOOP_ANALYSIS = YES;
				CLANG_WARN_STRICT_PROTOTYPES = YES;
				CLANG_WARN_SUSPICIOUS_MOVE = YES;
				CLANG_WARN_UNREACHABLE_CODE = YES;
				CLANG_WARN__DUPLICATE_METHOD_MATCH = YES;
				"CODE_SIGN_IDENTITY[sdk=iphoneos*]" = "iPhone Developer";
				COPY_PHASE_STRIP = NO;
				DEBUG_INFORMATION_FORMAT = "dwarf-with-dsym";
				ENABLE_STRICT_OBJC_MSGSEND = YES;
				ENABLE_TESTABILITY = YES;
				GCC_C_LANGUAGE_STANDARD = gnu99;
				GCC_DYNAMIC_NO_PIC = NO;
				GCC_NO_COMMON_BLOCKS = YES;
				GCC_OPTIMIZATION_LEVEL = 0;
				GCC_PREPROCESSOR_DEFINITIONS = (
					"DEBUG=1",
					"$(inherited)",
				);
				GCC_SYMBOLS_PRIVATE_EXTERN = NO;
				GCC_WARN_64_TO_32_BIT_CONVERSION = YES;
				GCC_WARN_ABOUT_RETURN_TYPE = YES_ERROR;
				GCC_WARN_UNDECLARED_SELECTOR = YES;
				GCC_WARN_UNINITIALIZED_AUTOS = YES_AGGRESSIVE;
				GCC_WARN_UNUSED_FUNCTION = YES;
				GCC_WARN_UNUSED_VARIABLE = YES;
				IPHONEOS_DEPLOYMENT_TARGET = 8.3;
				MTL_ENABLE_DEBUG_INFO = YES;
				ONLY_ACTIVE_ARCH = YES;
				PROVISIONING_PROFILE = "";
				SDKROOT = iphoneos;
				SWIFT_OPTIMIZATION_LEVEL = "-Onone";
				SWIFT_VERSION = 4.0;
				TARGETED_DEVICE_FAMILY = "1,2";
			};
			name = Debug;
		};
		59E455BB1B1B4E3B0061458D /* Release */ = {
			isa = XCBuildConfiguration;
			buildSettings = {
				ALWAYS_SEARCH_USER_PATHS = NO;
				CLANG_CXX_LANGUAGE_STANDARD = "gnu++0x";
				CLANG_CXX_LIBRARY = "libc++";
				CLANG_ENABLE_MODULES = YES;
				CLANG_ENABLE_OBJC_ARC = YES;
				CLANG_WARN_BLOCK_CAPTURE_AUTORELEASING = YES;
				CLANG_WARN_BOOL_CONVERSION = YES;
				CLANG_WARN_COMMA = YES;
				CLANG_WARN_CONSTANT_CONVERSION = YES;
				CLANG_WARN_DIRECT_OBJC_ISA_USAGE = YES_ERROR;
				CLANG_WARN_EMPTY_BODY = YES;
				CLANG_WARN_ENUM_CONVERSION = YES;
				CLANG_WARN_INFINITE_RECURSION = YES;
				CLANG_WARN_INT_CONVERSION = YES;
				CLANG_WARN_NON_LITERAL_NULL_CONVERSION = YES;
				CLANG_WARN_OBJC_LITERAL_CONVERSION = YES;
				CLANG_WARN_OBJC_ROOT_CLASS = YES_ERROR;
				CLANG_WARN_RANGE_LOOP_ANALYSIS = YES;
				CLANG_WARN_STRICT_PROTOTYPES = YES;
				CLANG_WARN_SUSPICIOUS_MOVE = YES;
				CLANG_WARN_UNREACHABLE_CODE = YES;
				CLANG_WARN__DUPLICATE_METHOD_MATCH = YES;
				"CODE_SIGN_IDENTITY[sdk=iphoneos*]" = "iPhone Developer";
				COPY_PHASE_STRIP = NO;
				DEBUG_INFORMATION_FORMAT = "dwarf-with-dsym";
				ENABLE_NS_ASSERTIONS = NO;
				ENABLE_STRICT_OBJC_MSGSEND = YES;
				GCC_C_LANGUAGE_STANDARD = gnu99;
				GCC_NO_COMMON_BLOCKS = YES;
				GCC_WARN_64_TO_32_BIT_CONVERSION = YES;
				GCC_WARN_ABOUT_RETURN_TYPE = YES_ERROR;
				GCC_WARN_UNDECLARED_SELECTOR = YES;
				GCC_WARN_UNINITIALIZED_AUTOS = YES_AGGRESSIVE;
				GCC_WARN_UNUSED_FUNCTION = YES;
				GCC_WARN_UNUSED_VARIABLE = YES;
				IPHONEOS_DEPLOYMENT_TARGET = 8.3;
				MTL_ENABLE_DEBUG_INFO = NO;
				PROVISIONING_PROFILE = "";
				SDKROOT = iphoneos;
				SWIFT_OPTIMIZATION_LEVEL = "-Owholemodule";
				SWIFT_VERSION = 4.0;
				TARGETED_DEVICE_FAMILY = "1,2";
				VALIDATE_PRODUCT = YES;
			};
			name = Release;
		};
		59E455BD1B1B4E3B0061458D /* Debug */ = {
			isa = XCBuildConfiguration;
			buildSettings = {
				ALWAYS_EMBED_SWIFT_STANDARD_LIBRARIES = NO;
				ASSETCATALOG_COMPILER_APPICON_NAME = AppIcon;
				DEVELOPMENT_TEAM = KR6M5E5QD6;
				INFOPLIST_FILE = ViewMasterSwift/Info.plist;
				LD_RUNPATH_SEARCH_PATHS = "$(inherited) @executable_path/Frameworks";
				PRODUCT_BUNDLE_IDENTIFIER = "edu.transy.Moosnick-MSBTBT";
				PRODUCT_NAME = "$(TARGET_NAME)";
				"SWIFT_OBJC_BRIDGING_HEADER[arch=*]" = "VMR-bridging-header.h";
				SWIFT_VERSION = 4.0;
			};
			name = Debug;
		};
		59E455BE1B1B4E3B0061458D /* Release */ = {
			isa = XCBuildConfiguration;
			buildSettings = {
				ALWAYS_EMBED_SWIFT_STANDARD_LIBRARIES = NO;
				ASSETCATALOG_COMPILER_APPICON_NAME = AppIcon;
				DEVELOPMENT_TEAM = KR6M5E5QD6;
				INFOPLIST_FILE = ViewMasterSwift/Info.plist;
				LD_RUNPATH_SEARCH_PATHS = "$(inherited) @executable_path/Frameworks";
				PRODUCT_BUNDLE_IDENTIFIER = "edu.transy.Moosnick-MSBTBT";
				PRODUCT_NAME = "$(TARGET_NAME)";
				"SWIFT_OBJC_BRIDGING_HEADER[arch=*]" = "VMR-bridging-header.h";
				SWIFT_VERSION = 4.0;
			};
			name = Release;
		};
		59E455C01B1B4E3B0061458D /* Debug */ = {
			isa = XCBuildConfiguration;
			buildSettings = {
				BUNDLE_LOADER = "$(TEST_HOST)";
				FRAMEWORK_SEARCH_PATHS = (
					"$(SDKROOT)/Developer/Library/Frameworks",
					"$(inherited)",
				);
				GCC_PREPROCESSOR_DEFINITIONS = (
					"DEBUG=1",
					"$(inherited)",
				);
				INFOPLIST_FILE = ViewMasterSwiftTests/Info.plist;
				LD_RUNPATH_SEARCH_PATHS = "$(inherited) @executable_path/Frameworks @loader_path/Frameworks";
				PRODUCT_BUNDLE_IDENTIFIER = "edu.transy.rengland.$(PRODUCT_NAME:rfc1034identifier)";
				PRODUCT_NAME = "$(TARGET_NAME)";
				TEST_HOST = "$(BUILT_PRODUCTS_DIR)/ViewMasterSwift.app/ViewMasterSwift";
			};
			name = Debug;
		};
		59E455C11B1B4E3B0061458D /* Release */ = {
			isa = XCBuildConfiguration;
			buildSettings = {
				BUNDLE_LOADER = "$(TEST_HOST)";
				FRAMEWORK_SEARCH_PATHS = (
					"$(SDKROOT)/Developer/Library/Frameworks",
					"$(inherited)",
				);
				INFOPLIST_FILE = ViewMasterSwiftTests/Info.plist;
				LD_RUNPATH_SEARCH_PATHS = "$(inherited) @executable_path/Frameworks @loader_path/Frameworks";
				PRODUCT_BUNDLE_IDENTIFIER = "edu.transy.rengland.$(PRODUCT_NAME:rfc1034identifier)";
				PRODUCT_NAME = "$(TARGET_NAME)";
				TEST_HOST = "$(BUILT_PRODUCTS_DIR)/ViewMasterSwift.app/ViewMasterSwift";
			};
			name = Release;
		};
/* End XCBuildConfiguration section */

/* Begin XCConfigurationList section */
		59E455961B1B4E3B0061458D /* Build configuration list for PBXProject "Moosnick" */ = {
			isa = XCConfigurationList;
			buildConfigurations = (
				59E455BA1B1B4E3B0061458D /* Debug */,
				59E455BB1B1B4E3B0061458D /* Release */,
			);
			defaultConfigurationIsVisible = 0;
			defaultConfigurationName = Release;
		};
		59E455BC1B1B4E3B0061458D /* Build configuration list for PBXNativeTarget "ViewMasterSwift" */ = {
			isa = XCConfigurationList;
			buildConfigurations = (
				59E455BD1B1B4E3B0061458D /* Debug */,
				59E455BE1B1B4E3B0061458D /* Release */,
			);
			defaultConfigurationIsVisible = 0;
			defaultConfigurationName = Release;
		};
		59E455BF1B1B4E3B0061458D /* Build configuration list for PBXNativeTarget "ViewMasterSwiftTests" */ = {
			isa = XCConfigurationList;
			buildConfigurations = (
				59E455C01B1B4E3B0061458D /* Debug */,
				59E455C11B1B4E3B0061458D /* Release */,
			);
			defaultConfigurationIsVisible = 0;
			defaultConfigurationName = Release;
		};
/* End XCConfigurationList section */
	};
	rootObject = 59E455931B1B4E3B0061458D /* Project object */;
}
